
Microsoft Visual Studio Solution File, Format Version 12.00
# Visual Studio Version 17
VisualStudioVersion = 17.5.33627.172
MinimumVisualStudioVersion = 10.0.40219.1
Project("{9A19103F-16F7-4668-BE54-9A1E7A4F7556}") = "通用订票.Application", "通用订票.Application\通用订票.Application.csproj", "{8DB0969B-726E-4A5E-9AB0-75C389308732}"
EndProject
Project("{9A19103F-16F7-4668-BE54-9A1E7A4F7556}") = "通用订票.Core", "通用订票.Core\通用订票.Core.csproj", "{03C41206-598D-4714-A505-9ADE321E0D90}"
EndProject
Project("{9A19103F-16F7-4668-BE54-9A1E7A4F7556}") = "通用订票.Database.Migrations", "通用订票.Database.Migrations\通用订票.Database.Migrations.csproj", "{7525AC3F-6F06-4388-AF31-1153C9599E2A}"
EndProject
Project("{9A19103F-16F7-4668-BE54-9A1E7A4F7556}") = "通用订票.EntityFramework.Core", "通用订票.EntityFramework.Core\通用订票.EntityFramework.Core.csproj", "{5881CCB7-79B3-453C-961A-A9CCC64CA0B5}"
EndProject
Project("{9A19103F-16F7-4668-BE54-9A1E7A4F7556}") = "通用订票.Web.Core", "通用订票.Web.Core\通用订票.Web.Core.csproj", "{2F0BB2BD-1592-417B-8E33-8C076A00410C}"
EndProject
Project("{9A19103F-16F7-4668-BE54-9A1E7A4F7556}") = "通用订票.Web.Entry", "通用订票.Web.Entry\通用订票.Web.Entry.csproj", "{F950BD51-3E44-4083-81C3-FE236FC5356C}"
EndProject
Project("{2150E333-8FDC-42A3-9474-1A3956D46DE8}") = "Core", "Core", "{C11C3504-64B5-46FE-8AC4-8204FAFB094C}"
EndProject
Project("{9A19103F-16F7-4668-BE54-9A1E7A4F7556}") = "通用订票.Order", "Order\通用订票.Order.csproj", "{6C897552-D7AE-4B04-9DCA-7B138C3A40C8}"
EndProject
Project("{9A19103F-16F7-4668-BE54-9A1E7A4F7556}") = "通用订票.Ticket", "通用订票.Ticket\通用订票.Ticket.csproj", "{DE06D653-678A-445D-ACEE-2775C31E7E93}"
EndProject
Project("{2150E333-8FDC-42A3-9474-1A3956D46DE8}") = "Solution Items", "Solution Items", "{2BA8A376-88D3-4ED1-92A9-6C75A51CDBAE}"
	ProjectSection(SolutionItems) = preProject
		.editorconfig = .editorconfig
	EndProjectSection
EndProject
Project("{9A19103F-16F7-4668-BE54-9A1E7A4F7556}") = "Core.Auth", "通用订票Auth\Core.Auth.csproj", "{B802938C-0322-4866-BE0E-A4540E23435A}"
EndProject
Project("{9A19103F-16F7-4668-BE54-9A1E7A4F7556}") = "通用订票.RedisMQ", "通用订票.RedisMQ\通用订票.RedisMQ.csproj", "{1783AA22-2063-4ECB-BC71-BDD16530C07A}"
EndProject
Project("{9A19103F-16F7-4668-BE54-9A1E7A4F7556}") = "通用订票.Task", "Task\通用订票.Task.csproj", "{9558DA6B-28DE-45EC-BCBA-B1DED1B1924A}"
EndProject
Project("{9A19103F-16F7-4668-BE54-9A1E7A4F7556}") = "Core.MiddelWares", "MiddelWares\Core.MiddelWares.csproj", "{87CC9F37-5BE3-4041-BD6D-7AF17FD529C3}"
EndProject
Project("{9A19103F-16F7-4668-BE54-9A1E7A4F7556}") = "设备物联.Application", "..\设备物联\设备物联.Application\设备物联.Application.csproj", "{53AB88EE-D0E5-4D51-B021-B7FD43D6629E}"
EndProject
Project("{9A19103F-16F7-4668-BE54-9A1E7A4F7556}") = "设备物联.Core", "..\设备物联\设备物联.Core\设备物联.Core.csproj", "{744B0D3C-F202-4380-8B25-C3E63A504CF0}"
EndProject
Project("{9A19103F-16F7-4668-BE54-9A1E7A4F7556}") = "设备物联.Database.Migrations", "..\设备物联\设备物联.Database.Migrations\设备物联.Database.Migrations.csproj", "{934A3EE8-109C-4990-B9CD-6087C7E9F5F7}"
EndProject
Project("{9A19103F-16F7-4668-BE54-9A1E7A4F7556}") = "设备物联.EntityFramework.Core", "..\设备物联\设备物联.EntityFramework.Core\设备物联.EntityFramework.Core.csproj", "{777EB23C-DC83-4263-88AB-86CC0C273A9E}"
EndProject
Project("{9A19103F-16F7-4668-BE54-9A1E7A4F7556}") = "设备物联.Web.Core", "..\设备物联\设备物联.Web.Core\设备物联.Web.Core.csproj", "{CFEAD834-BFB7-4BAF-AB4B-5E944C6F8784}"
EndProject
Project("{9A19103F-16F7-4668-BE54-9A1E7A4F7556}") = "设备物联.Web.Entry", "..\设备物联\设备物联.Web.Entry\设备物联.Web.Entry.csproj", "{FD88FF73-C6B9-4C9B-92D3-4D2E1982F27A}"
EndProject
Project("{2150E333-8FDC-42A3-9474-1A3956D46DE8}") = "设备物联", "设备物联", "{85EF8586-765E-41B4-B475-2B9925B82C71}"
EndProject
Project("{2150E333-8FDC-42A3-9474-1A3956D46DE8}") = "通用订票", "通用订票", "{21196BB4-F473-4CBB-9356-BF2CC0375636}"
EndProject
Project("{9A19103F-16F7-4668-BE54-9A1E7A4F7556}") = "Core.EntityFrameWork", "Core.EntityFrameWork\Core.EntityFrameWork.csproj", "{0B20D4E6-0FA1-438F-9DEC-6A9A0B704ED4}"
EndProject
Project("{9A19103F-16F7-4668-BE54-9A1E7A4F7556}") = "Core.Services", "Core.Service\Core.Services.csproj", "{BF735527-4E1B-4CEF-B527-BC1E0C1F6D15}"
EndProject
Project("{9A19103F-16F7-4668-BE54-9A1E7A4F7556}") = "Core.User", "Core.User\Core.User.csproj", "{E84AAEE1-D176-4309-8DAD-3AAA97FAC962}"
EndProject
Project("{9A19103F-16F7-4668-BE54-9A1E7A4F7556}") = "通用订票.沙沟古镇", "通用订票.沙沟古镇\通用订票.沙沟古镇.csproj", "{78077499-EBCE-4BB0-99DD-7166C845788E}"
EndProject
Project("{2150E333-8FDC-42A3-9474-1A3956D46DE8}") = "项目", "项目", "{653C05C6-0507-4235-B0BA-CCB164A21F0E}"
EndProject
Project("{9A19103F-16F7-4668-BE54-9A1E7A4F7556}") = "通用订票.马家荡", "通用订票.马家荡\通用订票.马家荡.csproj", "{534B164B-5646-48A3-B378-41FC1FF20EE3}"
EndProject
Project("{9A19103F-16F7-4668-BE54-9A1E7A4F7556}") = "Core.SignalR", "Core.SignalR\Core.SignalR.csproj", "{7D080061-64A5-48C5-B524-F7B73286F33F}"
EndProject
Project("{9A19103F-16F7-4668-BE54-9A1E7A4F7556}") = "通用订票.Stock", "通用订票.Stock\通用订票.Stock.csproj", "{4D272AA7-A331-428B-B067-DFD949A69A05}"
EndProject
Project("{9A19103F-16F7-4668-BE54-9A1E7A4F7556}") = "Core.Cache", "通用订票.cache\Core.Cache.csproj", "{C80CDCE2-4E0A-4F65-92DD-2EAF4C35457F}"
EndProject
Project("{9A19103F-16F7-4668-BE54-9A1E7A4F7556}") = "音乐点播.Application", "..\音乐点播\音乐点播.Application\音乐点播.Application.csproj", "{97BF99CB-E74D-4A2B-9440-B855F7197E26}"
EndProject
Project("{9A19103F-16F7-4668-BE54-9A1E7A4F7556}") = "音乐点播.Core", "..\音乐点播\音乐点播.Core\音乐点播.Core.csproj", "{703DBF7F-5803-4BEA-A0DF-124A48118235}"
EndProject
Project("{9A19103F-16F7-4668-BE54-9A1E7A4F7556}") = "音乐点播.Database.Migrations", "..\音乐点播\音乐点播.Database.Migrations\音乐点播.Database.Migrations.csproj", "{52701119-8FC9-4694-B66A-BAF689A9071B}"
EndProject
Project("{9A19103F-16F7-4668-BE54-9A1E7A4F7556}") = "音乐点播.EntityFramework.Core", "..\音乐点播\音乐点播.EntityFramework.Core\音乐点播.EntityFramework.Core.csproj", "{11685B4D-D79A-490D-ACB6-8F0A27193308}"
EndProject
Project("{9A19103F-16F7-4668-BE54-9A1E7A4F7556}") = "音乐点播.Web.Core", "..\音乐点播\音乐点播.Web.Core\音乐点播.Web.Core.csproj", "{23468A1C-DAC6-4168-B5CD-1097CB875CBE}"
EndProject
Project("{9A19103F-16F7-4668-BE54-9A1E7A4F7556}") = "音乐点播.Web.Entry", "..\音乐点播\音乐点播.Web.Entry\音乐点播.Web.Entry.csproj", "{9CD4A895-016E-4C7B-A136-61232A7202FA}"
EndProject
Project("{2150E333-8FDC-42A3-9474-1A3956D46DE8}") = "音乐点播", "音乐点播", "{8D7F4DED-2583-4C40-B390-44BDF2F47E36}"
EndProject
Project("{9A19103F-16F7-4668-BE54-9A1E7A4F7556}") = "Core.Queue", "Core.Queue\Core.Queue.csproj", "{38F31309-A9A8-4704-9E1F-886A987B81DC}"
EndProject
Project("{9A19103F-16F7-4668-BE54-9A1E7A4F7556}") = "Core.Entity", "Core.Entity\Core.Entity.csproj", "{24404DB6-77B3-44BA-BA32-A2D1B385C735}"
EndProject
Global
	GlobalSection(SolutionConfigurationPlatforms) = preSolution
		Debug|Any CPU = Debug|Any CPU
		Release|Any CPU = Release|Any CPU
	EndGlobalSection
	GlobalSection(ProjectConfigurationPlatforms) = postSolution
		{8DB0969B-726E-4A5E-9AB0-75C389308732}.Debug|Any CPU.ActiveCfg = Debug|Any CPU
		{8DB0969B-726E-4A5E-9AB0-75C389308732}.Debug|Any CPU.Build.0 = Debug|Any CPU
		{8DB0969B-726E-4A5E-9AB0-75C389308732}.Release|Any CPU.ActiveCfg = Release|Any CPU
		{8DB0969B-726E-4A5E-9AB0-75C389308732}.Release|Any CPU.Build.0 = Release|Any CPU
		{03C41206-598D-4714-A505-9ADE321E0D90}.Debug|Any CPU.ActiveCfg = Debug|Any CPU
		{03C41206-598D-4714-A505-9ADE321E0D90}.Debug|Any CPU.Build.0 = Debug|Any CPU
		{03C41206-598D-4714-A505-9ADE321E0D90}.Release|Any CPU.ActiveCfg = Release|Any CPU
		{03C41206-598D-4714-A505-9ADE321E0D90}.Release|Any CPU.Build.0 = Release|Any CPU
		{7525AC3F-6F06-4388-AF31-1153C9599E2A}.Debug|Any CPU.ActiveCfg = Debug|Any CPU
		{7525AC3F-6F06-4388-AF31-1153C9599E2A}.Debug|Any CPU.Build.0 = Debug|Any CPU
		{7525AC3F-6F06-4388-AF31-1153C9599E2A}.Release|Any CPU.ActiveCfg = Release|Any CPU
		{7525AC3F-6F06-4388-AF31-1153C9599E2A}.Release|Any CPU.Build.0 = Release|Any CPU
		{5881CCB7-79B3-453C-961A-A9CCC64CA0B5}.Debug|Any CPU.ActiveCfg = Debug|Any CPU
		{5881CCB7-79B3-453C-961A-A9CCC64CA0B5}.Debug|Any CPU.Build.0 = Debug|Any CPU
		{5881CCB7-79B3-453C-961A-A9CCC64CA0B5}.Release|Any CPU.ActiveCfg = Release|Any CPU
		{5881CCB7-79B3-453C-961A-A9CCC64CA0B5}.Release|Any CPU.Build.0 = Release|Any CPU
		{2F0BB2BD-1592-417B-8E33-8C076A00410C}.Debug|Any CPU.ActiveCfg = Debug|Any CPU
		{2F0BB2BD-1592-417B-8E33-8C076A00410C}.Debug|Any CPU.Build.0 = Debug|Any CPU
		{2F0BB2BD-1592-417B-8E33-8C076A00410C}.Release|Any CPU.ActiveCfg = Release|Any CPU
		{2F0BB2BD-1592-417B-8E33-8C076A00410C}.Release|Any CPU.Build.0 = Release|Any CPU
		{F950BD51-3E44-4083-81C3-FE236FC5356C}.Debug|Any CPU.ActiveCfg = Debug|Any CPU
		{F950BD51-3E44-4083-81C3-FE236FC5356C}.Debug|Any CPU.Build.0 = Debug|Any CPU
		{F950BD51-3E44-4083-81C3-FE236FC5356C}.Release|Any CPU.ActiveCfg = Release|Any CPU
		{F950BD51-3E44-4083-81C3-FE236FC5356C}.Release|Any CPU.Build.0 = Release|Any CPU
		{6C897552-D7AE-4B04-9DCA-7B138C3A40C8}.Debug|Any CPU.ActiveCfg = Debug|Any CPU
		{6C897552-D7AE-4B04-9DCA-7B138C3A40C8}.Debug|Any CPU.Build.0 = Debug|Any CPU
		{6C897552-D7AE-4B04-9DCA-7B138C3A40C8}.Release|Any CPU.ActiveCfg = Release|Any CPU
		{6C897552-D7AE-4B04-9DCA-7B138C3A40C8}.Release|Any CPU.Build.0 = Release|Any CPU
		{DE06D653-678A-445D-ACEE-2775C31E7E93}.Debug|Any CPU.ActiveCfg = Debug|Any CPU
		{DE06D653-678A-445D-ACEE-2775C31E7E93}.Debug|Any CPU.Build.0 = Debug|Any CPU
		{DE06D653-678A-445D-ACEE-2775C31E7E93}.Release|Any CPU.ActiveCfg = Release|Any CPU
		{DE06D653-678A-445D-ACEE-2775C31E7E93}.Release|Any CPU.Build.0 = Release|Any CPU
		{B802938C-0322-4866-BE0E-A4540E23435A}.Debug|Any CPU.ActiveCfg = Debug|Any CPU
		{B802938C-0322-4866-BE0E-A4540E23435A}.Debug|Any CPU.Build.0 = Debug|Any CPU
		{B802938C-0322-4866-BE0E-A4540E23435A}.Release|Any CPU.ActiveCfg = Release|Any CPU
		{B802938C-0322-4866-BE0E-A4540E23435A}.Release|Any CPU.Build.0 = Release|Any CPU
		{1783AA22-2063-4ECB-BC71-BDD16530C07A}.Debug|Any CPU.ActiveCfg = Debug|Any CPU
		{1783AA22-2063-4ECB-BC71-BDD16530C07A}.Debug|Any CPU.Build.0 = Debug|Any CPU
		{1783AA22-2063-4ECB-BC71-BDD16530C07A}.Release|Any CPU.ActiveCfg = Release|Any CPU
		{1783AA22-2063-4ECB-BC71-BDD16530C07A}.Release|Any CPU.Build.0 = Release|Any CPU
		{9558DA6B-28DE-45EC-BCBA-B1DED1B1924A}.Debug|Any CPU.ActiveCfg = Debug|Any CPU
		{9558DA6B-28DE-45EC-BCBA-B1DED1B1924A}.Debug|Any CPU.Build.0 = Debug|Any CPU
		{9558DA6B-28DE-45EC-BCBA-B1DED1B1924A}.Release|Any CPU.ActiveCfg = Release|Any CPU
		{9558DA6B-28DE-45EC-BCBA-B1DED1B1924A}.Release|Any CPU.Build.0 = Release|Any CPU
		{87CC9F37-5BE3-4041-BD6D-7AF17FD529C3}.Debug|Any CPU.ActiveCfg = Debug|Any CPU
		{87CC9F37-5BE3-4041-BD6D-7AF17FD529C3}.Debug|Any CPU.Build.0 = Debug|Any CPU
		{87CC9F37-5BE3-4041-BD6D-7AF17FD529C3}.Release|Any CPU.ActiveCfg = Release|Any CPU
		{87CC9F37-5BE3-4041-BD6D-7AF17FD529C3}.Release|Any CPU.Build.0 = Release|Any CPU
		{53AB88EE-D0E5-4D51-B021-B7FD43D6629E}.Debug|Any CPU.ActiveCfg = Debug|Any CPU
		{53AB88EE-D0E5-4D51-B021-B7FD43D6629E}.Debug|Any CPU.Build.0 = Debug|Any CPU
		{53AB88EE-D0E5-4D51-B021-B7FD43D6629E}.Release|Any CPU.ActiveCfg = Release|Any CPU
		{53AB88EE-D0E5-4D51-B021-B7FD43D6629E}.Release|Any CPU.Build.0 = Release|Any CPU
		{744B0D3C-F202-4380-8B25-C3E63A504CF0}.Debug|Any CPU.ActiveCfg = Debug|Any CPU
		{744B0D3C-F202-4380-8B25-C3E63A504CF0}.Debug|Any CPU.Build.0 = Debug|Any CPU
		{744B0D3C-F202-4380-8B25-C3E63A504CF0}.Release|Any CPU.ActiveCfg = Release|Any CPU
		{744B0D3C-F202-4380-8B25-C3E63A504CF0}.Release|Any CPU.Build.0 = Release|Any CPU
		{934A3EE8-109C-4990-B9CD-6087C7E9F5F7}.Debug|Any CPU.ActiveCfg = Debug|Any CPU
		{934A3EE8-109C-4990-B9CD-6087C7E9F5F7}.Debug|Any CPU.Build.0 = Debug|Any CPU
		{934A3EE8-109C-4990-B9CD-6087C7E9F5F7}.Release|Any CPU.ActiveCfg = Release|Any CPU
		{934A3EE8-109C-4990-B9CD-6087C7E9F5F7}.Release|Any CPU.Build.0 = Release|Any CPU
		{777EB23C-DC83-4263-88AB-86CC0C273A9E}.Debug|Any CPU.ActiveCfg = Debug|Any CPU
		{777EB23C-DC83-4263-88AB-86CC0C273A9E}.Debug|Any CPU.Build.0 = Debug|Any CPU
		{777EB23C-DC83-4263-88AB-86CC0C273A9E}.Release|Any CPU.ActiveCfg = Release|Any CPU
		{777EB23C-DC83-4263-88AB-86CC0C273A9E}.Release|Any CPU.Build.0 = Release|Any CPU
		{CFEAD834-BFB7-4BAF-AB4B-5E944C6F8784}.Debug|Any CPU.ActiveCfg = Debug|Any CPU
		{CFEAD834-BFB7-4BAF-AB4B-5E944C6F8784}.Debug|Any CPU.Build.0 = Debug|Any CPU
		{CFEAD834-BFB7-4BAF-AB4B-5E944C6F8784}.Release|Any CPU.ActiveCfg = Release|Any CPU
		{CFEAD834-BFB7-4BAF-AB4B-5E944C6F8784}.Release|Any CPU.Build.0 = Release|Any CPU
		{FD88FF73-C6B9-4C9B-92D3-4D2E1982F27A}.Debug|Any CPU.ActiveCfg = Debug|Any CPU
		{FD88FF73-C6B9-4C9B-92D3-4D2E1982F27A}.Debug|Any CPU.Build.0 = Debug|Any CPU
		{FD88FF73-C6B9-4C9B-92D3-4D2E1982F27A}.Release|Any CPU.ActiveCfg = Release|Any CPU
		{FD88FF73-C6B9-4C9B-92D3-4D2E1982F27A}.Release|Any CPU.Build.0 = Release|Any CPU
		{0B20D4E6-0FA1-438F-9DEC-6A9A0B704ED4}.Debug|Any CPU.ActiveCfg = Debug|Any CPU
		{0B20D4E6-0FA1-438F-9DEC-6A9A0B704ED4}.Debug|Any CPU.Build.0 = Debug|Any CPU
		{0B20D4E6-0FA1-438F-9DEC-6A9A0B704ED4}.Release|Any CPU.ActiveCfg = Release|Any CPU
		{0B20D4E6-0FA1-438F-9DEC-6A9A0B704ED4}.Release|Any CPU.Build.0 = Release|Any CPU
		{BF735527-4E1B-4CEF-B527-BC1E0C1F6D15}.Debug|Any CPU.ActiveCfg = Debug|Any CPU
		{BF735527-4E1B-4CEF-B527-BC1E0C1F6D15}.Debug|Any CPU.Build.0 = Debug|Any CPU
		{BF735527-4E1B-4CEF-B527-BC1E0C1F6D15}.Release|Any CPU.ActiveCfg = Release|Any CPU
		{BF735527-4E1B-4CEF-B527-BC1E0C1F6D15}.Release|Any CPU.Build.0 = Release|Any CPU
		{E84AAEE1-D176-4309-8DAD-3AAA97FAC962}.Debug|Any CPU.ActiveCfg = Debug|Any CPU
		{E84AAEE1-D176-4309-8DAD-3AAA97FAC962}.Debug|Any CPU.Build.0 = Debug|Any CPU
		{E84AAEE1-D176-4309-8DAD-3AAA97FAC962}.Release|Any CPU.ActiveCfg = Release|Any CPU
		{E84AAEE1-D176-4309-8DAD-3AAA97FAC962}.Release|Any CPU.Build.0 = Release|Any CPU
		{78077499-EBCE-4BB0-99DD-7166C845788E}.Debug|Any CPU.ActiveCfg = Debug|Any CPU
		{78077499-EBCE-4BB0-99DD-7166C845788E}.Debug|Any CPU.Build.0 = Debug|Any CPU
		{78077499-EBCE-4BB0-99DD-7166C845788E}.Release|Any CPU.ActiveCfg = Release|Any CPU
		{78077499-EBCE-4BB0-99DD-7166C845788E}.Release|Any CPU.Build.0 = Release|Any CPU
		{534B164B-5646-48A3-B378-41FC1FF20EE3}.Debug|Any CPU.ActiveCfg = Debug|Any CPU
		{534B164B-5646-48A3-B378-41FC1FF20EE3}.Debug|Any CPU.Build.0 = Debug|Any CPU
		{534B164B-5646-48A3-B378-41FC1FF20EE3}.Release|Any CPU.ActiveCfg = Release|Any CPU
		{534B164B-5646-48A3-B378-41FC1FF20EE3}.Release|Any CPU.Build.0 = Release|Any CPU
		{7D080061-64A5-48C5-B524-F7B73286F33F}.Debug|Any CPU.ActiveCfg = Debug|Any CPU
		{7D080061-64A5-48C5-B524-F7B73286F33F}.Debug|Any CPU.Build.0 = Debug|Any CPU
		{7D080061-64A5-48C5-B524-F7B73286F33F}.Release|Any CPU.ActiveCfg = Release|Any CPU
		{7D080061-64A5-48C5-B524-F7B73286F33F}.Release|Any CPU.Build.0 = Release|Any CPU
		{4D272AA7-A331-428B-B067-DFD949A69A05}.Debug|Any CPU.ActiveCfg = Debug|Any CPU
		{4D272AA7-A331-428B-B067-DFD949A69A05}.Debug|Any CPU.Build.0 = Debug|Any CPU
		{4D272AA7-A331-428B-B067-DFD949A69A05}.Release|Any CPU.ActiveCfg = Release|Any CPU
		{4D272AA7-A331-428B-B067-DFD949A69A05}.Release|Any CPU.Build.0 = Release|Any CPU
		{C80CDCE2-4E0A-4F65-92DD-2EAF4C35457F}.Debug|Any CPU.ActiveCfg = Debug|Any CPU
		{C80CDCE2-4E0A-4F65-92DD-2EAF4C35457F}.Debug|Any CPU.Build.0 = Debug|Any CPU
		{C80CDCE2-4E0A-4F65-92DD-2EAF4C35457F}.Release|Any CPU.ActiveCfg = Release|Any CPU
		{C80CDCE2-4E0A-4F65-92DD-2EAF4C35457F}.Release|Any CPU.Build.0 = Release|Any CPU
		{97BF99CB-E74D-4A2B-9440-B855F7197E26}.Debug|Any CPU.ActiveCfg = Debug|Any CPU
		{97BF99CB-E74D-4A2B-9440-B855F7197E26}.Debug|Any CPU.Build.0 = Debug|Any CPU
		{97BF99CB-E74D-4A2B-9440-B855F7197E26}.Release|Any CPU.ActiveCfg = Release|Any CPU
		{97BF99CB-E74D-4A2B-9440-B855F7197E26}.Release|Any CPU.Build.0 = Release|Any CPU
		{703DBF7F-5803-4BEA-A0DF-124A48118235}.Debug|Any CPU.ActiveCfg = Debug|Any CPU
		{703DBF7F-5803-4BEA-A0DF-124A48118235}.Debug|Any CPU.Build.0 = Debug|Any CPU
		{703DBF7F-5803-4BEA-A0DF-124A48118235}.Release|Any CPU.ActiveCfg = Release|Any CPU
		{703DBF7F-5803-4BEA-A0DF-124A48118235}.Release|Any CPU.Build.0 = Release|Any CPU
		{52701119-8FC9-4694-B66A-BAF689A9071B}.Debug|Any CPU.ActiveCfg = Debug|Any CPU
		{52701119-8FC9-4694-B66A-BAF689A9071B}.Debug|Any CPU.Build.0 = Debug|Any CPU
		{52701119-8FC9-4694-B66A-BAF689A9071B}.Release|Any CPU.ActiveCfg = Release|Any CPU
		{52701119-8FC9-4694-B66A-BAF689A9071B}.Release|Any CPU.Build.0 = Release|Any CPU
		{11685B4D-D79A-490D-ACB6-8F0A27193308}.Debug|Any CPU.ActiveCfg = Debug|Any CPU
		{11685B4D-D79A-490D-ACB6-8F0A27193308}.Debug|Any CPU.Build.0 = Debug|Any CPU
		{11685B4D-D79A-490D-ACB6-8F0A27193308}.Release|Any CPU.ActiveCfg = Release|Any CPU
		{11685B4D-D79A-490D-ACB6-8F0A27193308}.Release|Any CPU.Build.0 = Release|Any CPU
		{23468A1C-DAC6-4168-B5CD-1097CB875CBE}.Debug|Any CPU.ActiveCfg = Debug|Any CPU
		{23468A1C-DAC6-4168-B5CD-1097CB875CBE}.Debug|Any CPU.Build.0 = Debug|Any CPU
		{23468A1C-DAC6-4168-B5CD-1097CB875CBE}.Release|Any CPU.ActiveCfg = Release|Any CPU
		{23468A1C-DAC6-4168-B5CD-1097CB875CBE}.Release|Any CPU.Build.0 = Release|Any CPU
		{9CD4A895-016E-4C7B-A136-61232A7202FA}.Debug|Any CPU.ActiveCfg = Debug|Any CPU
		{9CD4A895-016E-4C7B-A136-61232A7202FA}.Debug|Any CPU.Build.0 = Debug|Any CPU
		{9CD4A895-016E-4C7B-A136-61232A7202FA}.Release|Any CPU.ActiveCfg = Release|Any CPU
		{9CD4A895-016E-4C7B-A136-61232A7202FA}.Release|Any CPU.Build.0 = Release|Any CPU
		{38F31309-A9A8-4704-9E1F-886A987B81DC}.Debug|Any CPU.ActiveCfg = Debug|Any CPU
		{38F31309-A9A8-4704-9E1F-886A987B81DC}.Debug|Any CPU.Build.0 = Debug|Any CPU
		{38F31309-A9A8-4704-9E1F-886A987B81DC}.Release|Any CPU.ActiveCfg = Release|Any CPU
		{38F31309-A9A8-4704-9E1F-886A987B81DC}.Release|Any CPU.Build.0 = Release|Any CPU
		{24404DB6-77B3-44BA-BA32-A2D1B385C735}.Debug|Any CPU.ActiveCfg = Debug|Any CPU
		{24404DB6-77B3-44BA-BA32-A2D1B385C735}.Debug|Any CPU.Build.0 = Debug|Any CPU
		{24404DB6-77B3-44BA-BA32-A2D1B385C735}.Release|Any CPU.ActiveCfg = Release|Any CPU
		{24404DB6-77B3-44BA-BA32-A2D1B385C735}.Release|Any CPU.Build.0 = Release|Any CPU
	EndGlobalSection
	GlobalSection(SolutionProperties) = preSolution
		HideSolutionNode = FALSE
	EndGlobalSection
	GlobalSection(NestedProjects) = preSolution
		{8DB0969B-726E-4A5E-9AB0-75C389308732} = {21196BB4-F473-4CBB-9356-BF2CC0375636}
		{03C41206-598D-4714-A505-9ADE321E0D90} = {21196BB4-F473-4CBB-9356-BF2CC0375636}
		{7525AC3F-6F06-4388-AF31-1153C9599E2A} = {21196BB4-F473-4CBB-9356-BF2CC0375636}
		{5881CCB7-79B3-453C-961A-A9CCC64CA0B5} = {21196BB4-F473-4CBB-9356-BF2CC0375636}
		{2F0BB2BD-1592-417B-8E33-8C076A00410C} = {21196BB4-F473-4CBB-9356-BF2CC0375636}
		{F950BD51-3E44-4083-81C3-FE236FC5356C} = {21196BB4-F473-4CBB-9356-BF2CC0375636}
		{6C897552-D7AE-4B04-9DCA-7B138C3A40C8} = {21196BB4-F473-4CBB-9356-BF2CC0375636}
		{DE06D653-678A-445D-ACEE-2775C31E7E93} = {21196BB4-F473-4CBB-9356-BF2CC0375636}
		{B802938C-0322-4866-BE0E-A4540E23435A} = {C11C3504-64B5-46FE-8AC4-8204FAFB094C}
		{1783AA22-2063-4ECB-BC71-BDD16530C07A} = {21196BB4-F473-4CBB-9356-BF2CC0375636}
		{9558DA6B-28DE-45EC-BCBA-B1DED1B1924A} = {21196BB4-F473-4CBB-9356-BF2CC0375636}
		{87CC9F37-5BE3-4041-BD6D-7AF17FD529C3} = {C11C3504-64B5-46FE-8AC4-8204FAFB094C}
		{53AB88EE-D0E5-4D51-B021-B7FD43D6629E} = {85EF8586-765E-41B4-B475-2B9925B82C71}
		{744B0D3C-F202-4380-8B25-C3E63A504CF0} = {85EF8586-765E-41B4-B475-2B9925B82C71}
		{934A3EE8-109C-4990-B9CD-6087C7E9F5F7} = {85EF8586-765E-41B4-B475-2B9925B82C71}
		{777EB23C-DC83-4263-88AB-86CC0C273A9E} = {85EF8586-765E-41B4-B475-2B9925B82C71}
		{CFEAD834-BFB7-4BAF-AB4B-5E944C6F8784} = {85EF8586-765E-41B4-B475-2B9925B82C71}
		{FD88FF73-C6B9-4C9B-92D3-4D2E1982F27A} = {85EF8586-765E-41B4-B475-2B9925B82C71}
		{0B20D4E6-0FA1-438F-9DEC-6A9A0B704ED4} = {C11C3504-64B5-46FE-8AC4-8204FAFB094C}
		{BF735527-4E1B-4CEF-B527-BC1E0C1F6D15} = {C11C3504-64B5-46FE-8AC4-8204FAFB094C}
		{E84AAEE1-D176-4309-8DAD-3AAA97FAC962} = {C11C3504-64B5-46FE-8AC4-8204FAFB094C}
		{78077499-EBCE-4BB0-99DD-7166C845788E} = {653C05C6-0507-4235-B0BA-CCB164A21F0E}
		{653C05C6-0507-4235-B0BA-CCB164A21F0E} = {21196BB4-F473-4CBB-9356-BF2CC0375636}
		{534B164B-5646-48A3-B378-41FC1FF20EE3} = {653C05C6-0507-4235-B0BA-CCB164A21F0E}
		{7D080061-64A5-48C5-B524-F7B73286F33F} = {C11C3504-64B5-46FE-8AC4-8204FAFB094C}
		{4D272AA7-A331-428B-B067-DFD949A69A05} = {21196BB4-F473-4CBB-9356-BF2CC0375636}
		{C80CDCE2-4E0A-4F65-92DD-2EAF4C35457F} = {C11C3504-64B5-46FE-8AC4-8204FAFB094C}
		{97BF99CB-E74D-4A2B-9440-B855F7197E26} = {8D7F4DED-2583-4C40-B390-44BDF2F47E36}
		{703DBF7F-5803-4BEA-A0DF-124A48118235} = {8D7F4DED-2583-4C40-B390-44BDF2F47E36}
		{52701119-8FC9-4694-B66A-BAF689A9071B} = {8D7F4DED-2583-4C40-B390-44BDF2F47E36}
		{11685B4D-D79A-490D-ACB6-8F0A27193308} = {8D7F4DED-2583-4C40-B390-44BDF2F47E36}
		{23468A1C-DAC6-4168-B5CD-1097CB875CBE} = {8D7F4DED-2583-4C40-B390-44BDF2F47E36}
		{9CD4A895-016E-4C7B-A136-61232A7202FA} = {8D7F4DED-2583-4C40-B390-44BDF2F47E36}
		{38F31309-A9A8-4704-9E1F-886A987B81DC} = {C11C3504-64B5-46FE-8AC4-8204FAFB094C}
		{24404DB6-77B3-44BA-BA32-A2D1B385C735} = {C11C3504-64B5-46FE-8AC4-8204FAFB094C}
	EndGlobalSection
	GlobalSection(ExtensibilityGlobals) = postSolution
		SolutionGuid = {C53A7C6F-76AF-4F0F-95B5-BE403989F34F}
	EndGlobalSection
EndGlobal
