
Microsoft Visual Studio Solution File, Format Version 12.00
# Visual Studio Version 17
VisualStudioVersion = 17.5.33627.172
MinimumVisualStudioVersion = 10.0.40219.1
Project("{9A19103F-16F7-4668-BE54-9A1E7A4F7556}") = "通用订票.Application", "通用订票.Application\通用订票.Application.csproj", "{8DB0969B-726E-4A5E-9AB0-75C389308732}"
EndProject
Project("{9A19103F-16F7-4668-BE54-9A1E7A4F7556}") = "通用订票.Core", "通用订票.Core\通用订票.Core.csproj", "{03C41206-598D-4714-A505-9ADE321E0D90}"
EndProject
Project("{9A19103F-16F7-4668-BE54-9A1E7A4F7556}") = "通用订票.Database.Migrations", "通用订票.Database.Migrations\通用订票.Database.Migrations.csproj", "{7525AC3F-6F06-4388-AF31-1153C9599E2A}"
EndProject
Project("{9A19103F-16F7-4668-BE54-9A1E7A4F7556}") = "通用订票.EntityFramework.Core", "通用订票.EntityFramework.Core\通用订票.EntityFramework.Core.csproj", "{5881CCB7-79B3-453C-961A-A9CCC64CA0B5}"
EndProject
Project("{9A19103F-16F7-4668-BE54-9A1E7A4F7556}") = "通用订票.Web.Core", "通用订票.Web.Core\通用订票.Web.Core.csproj", "{2F0BB2BD-1592-417B-8E33-8C076A00410C}"
EndProject
Project("{9A19103F-16F7-4668-BE54-9A1E7A4F7556}") = "通用订票.Web.Entry", "通用订票.Web.Entry\通用订票.Web.Entry.csproj", "{F950BD51-3E44-4083-81C3-FE236FC5356C}"
EndProject
Project("{2150E333-8FDC-42A3-9474-1A3956D46DE8}") = "Core", "Core", "{C11C3504-64B5-46FE-8AC4-8204FAFB094C}"
EndProject
Project("{2150E333-8FDC-42A3-9474-1A3956D46DE8}") = "Solution Items", "Solution Items", "{2BA8A376-88D3-4ED1-92A9-6C75A51CDBAE}"
	ProjectSection(SolutionItems) = preProject
		.editorconfig = .editorconfig
	EndProjectSection
EndProject
Project("{9A19103F-16F7-4668-BE54-9A1E7A4F7556}") = "通用订票.RedisMQ", "通用订票.RedisMQ\通用订票.RedisMQ.csproj", "{1783AA22-2063-4ECB-BC71-BDD16530C07A}"
EndProject
Project("{2150E333-8FDC-42A3-9474-1A3956D46DE8}") = "通用订票", "通用订票", "{21196BB4-F473-4CBB-9356-BF2CC0375636}"
EndProject
Project("{2150E333-8FDC-42A3-9474-1A3956D46DE8}") = "项目", "项目", "{653C05C6-0507-4235-B0BA-CCB164A21F0E}"
EndProject
Project("{9A19103F-16F7-4668-BE54-9A1E7A4F7556}") = "通用订票.Task", "通用订票.Task\通用订票.Task.csproj", "{0B7F1ABF-7752-4087-A411-A3AA8BA0887A}"
EndProject
Project("{9A19103F-16F7-4668-BE54-9A1E7A4F7556}") = "通用订票.Base", "通用订票.Base\通用订票.Base.csproj", "{62ACD11C-1652-4B77-A1B0-5986C3F2640A}"
EndProject
Project("{9A19103F-16F7-4668-BE54-9A1E7A4F7556}") = "通用订票.Procedure", "通用订票.Procedure\通用订票.Procedure.csproj", "{951E859E-4158-443F-8516-644D55330D42}"
EndProject
Project("{9A19103F-16F7-4668-BE54-9A1E7A4F7556}") = "通用订票.EventBus", "通用订票.EventBus\通用订票.EventBus.csproj", "{AE02F26E-3F36-4BCB-AE53-BF534527A89B}"
EndProject
Project("{9A19103F-16F7-4668-BE54-9A1E7A4F7556}") = "Core.Auth", "..\Cores\Core.Auth\Core.Auth.csproj", "{AD30256C-CED6-4A17-A03A-9F5D0E2F6F9E}"
EndProject
Project("{9A19103F-16F7-4668-BE54-9A1E7A4F7556}") = "Core.Cache", "..\Cores\Core.Cache\Core.Cache.csproj", "{B7195EC2-C277-4B9C-83AA-2EFCE6CB4E58}"
EndProject
Project("{9A19103F-16F7-4668-BE54-9A1E7A4F7556}") = "Core.Entity", "..\Cores\Core.Entity\Core.Entity.csproj", "{F3DF420A-722E-4459-AADE-275F673AD250}"
EndProject
Project("{9A19103F-16F7-4668-BE54-9A1E7A4F7556}") = "Core.EntityFrameWork", "..\Cores\Core.EntityFrameWork\Core.EntityFrameWork.csproj", "{03DF9969-9953-4A8E-8F55-96794ABB77FB}"
EndProject
Project("{9A19103F-16F7-4668-BE54-9A1E7A4F7556}") = "Core.Services", "..\Cores\Core.Service\Core.Services.csproj", "{D9EFB24E-7B97-4BB2-AD3A-789D079FB374}"
EndProject
Project("{9A19103F-16F7-4668-BE54-9A1E7A4F7556}") = "Core.SignalR", "..\Cores\Core.SignalR\Core.SignalR.csproj", "{3B2815A2-2187-4C5D-A19E-2D20553C7E1E}"
EndProject
Project("{9A19103F-16F7-4668-BE54-9A1E7A4F7556}") = "Core.User", "..\Cores\Core.User\Core.User.csproj", "{EA0CB801-B05A-4170-8EBE-053DFF69C61A}"
EndProject
Project("{9A19103F-16F7-4668-BE54-9A1E7A4F7556}") = "Core.MiddelWares", "..\Cores\Core.MiddelWares\Core.MiddelWares.csproj", "{9AF1E13C-06E9-4B7B-AAA7-CCB2A76CE518}"
EndProject
Project("{9A19103F-16F7-4668-BE54-9A1E7A4F7556}") = "Core.Queue", "..\Cores\Core.Queue\Core.Queue.csproj", "{742CAC03-BF0B-4DA3-83DA-DCEBF75B20F8}"
EndProject
Project("{9A19103F-16F7-4668-BE54-9A1E7A4F7556}") = "通用订票.小景区", "小景区\通用订票.小景区.csproj", "{7BC843EC-AA32-47A3-A4ED-D891431EF0BE}"
EndProject
Project("{9A19103F-16F7-4668-BE54-9A1E7A4F7556}") = "通用订票.大景区", "大景区\通用订票.大景区.csproj", "{1DF6126F-E455-4991-B31F-109EB287099C}"
EndProject
Project("{9A19103F-16F7-4668-BE54-9A1E7A4F7556}") = "通用订票.OTA", "通用订票.OTA\通用订票.OTA.csproj", "{5FE7EE8E-ACAF-48A8-AB6C-BFDB5DE27DD2}"
EndProject
Project("{9A19103F-16F7-4668-BE54-9A1E7A4F7556}") = "Core.Wechat", "..\Cores\Core.Wechat\Core.Wechat.csproj", "{2534048D-C999-466A-BAA2-1050BDA1B554}"
EndProject
Project("{FAE04EC0-301F-11D3-BF4B-00C04F79EFBC}") = "Core.Utill", "Core.Utill\Core.Utill.csproj", "{3B169966-40E4-4F10-B9E4-AC6455D5ED1E}"
EndProject
Global
	GlobalSection(SolutionConfigurationPlatforms) = preSolution
		Debug|Any CPU = Debug|Any CPU
		Release|Any CPU = Release|Any CPU
	EndGlobalSection
	GlobalSection(ProjectConfigurationPlatforms) = postSolution
		{8DB0969B-726E-4A5E-9AB0-75C389308732}.Debug|Any CPU.ActiveCfg = Debug|Any CPU
		{8DB0969B-726E-4A5E-9AB0-75C389308732}.Debug|Any CPU.Build.0 = Debug|Any CPU
		{8DB0969B-726E-4A5E-9AB0-75C389308732}.Release|Any CPU.ActiveCfg = Release|Any CPU
		{8DB0969B-726E-4A5E-9AB0-75C389308732}.Release|Any CPU.Build.0 = Release|Any CPU
		{03C41206-598D-4714-A505-9ADE321E0D90}.Debug|Any CPU.ActiveCfg = Debug|Any CPU
		{03C41206-598D-4714-A505-9ADE321E0D90}.Debug|Any CPU.Build.0 = Debug|Any CPU
		{03C41206-598D-4714-A505-9ADE321E0D90}.Release|Any CPU.ActiveCfg = Release|Any CPU
		{03C41206-598D-4714-A505-9ADE321E0D90}.Release|Any CPU.Build.0 = Release|Any CPU
		{7525AC3F-6F06-4388-AF31-1153C9599E2A}.Debug|Any CPU.ActiveCfg = Debug|Any CPU
		{7525AC3F-6F06-4388-AF31-1153C9599E2A}.Debug|Any CPU.Build.0 = Debug|Any CPU
		{7525AC3F-6F06-4388-AF31-1153C9599E2A}.Release|Any CPU.ActiveCfg = Release|Any CPU
		{7525AC3F-6F06-4388-AF31-1153C9599E2A}.Release|Any CPU.Build.0 = Release|Any CPU
		{5881CCB7-79B3-453C-961A-A9CCC64CA0B5}.Debug|Any CPU.ActiveCfg = Debug|Any CPU
		{5881CCB7-79B3-453C-961A-A9CCC64CA0B5}.Debug|Any CPU.Build.0 = Debug|Any CPU
		{5881CCB7-79B3-453C-961A-A9CCC64CA0B5}.Release|Any CPU.ActiveCfg = Release|Any CPU
		{5881CCB7-79B3-453C-961A-A9CCC64CA0B5}.Release|Any CPU.Build.0 = Release|Any CPU
		{2F0BB2BD-1592-417B-8E33-8C076A00410C}.Debug|Any CPU.ActiveCfg = Debug|Any CPU
		{2F0BB2BD-1592-417B-8E33-8C076A00410C}.Debug|Any CPU.Build.0 = Debug|Any CPU
		{2F0BB2BD-1592-417B-8E33-8C076A00410C}.Release|Any CPU.ActiveCfg = Release|Any CPU
		{2F0BB2BD-1592-417B-8E33-8C076A00410C}.Release|Any CPU.Build.0 = Release|Any CPU
		{F950BD51-3E44-4083-81C3-FE236FC5356C}.Debug|Any CPU.ActiveCfg = Debug|Any CPU
		{F950BD51-3E44-4083-81C3-FE236FC5356C}.Debug|Any CPU.Build.0 = Debug|Any CPU
		{F950BD51-3E44-4083-81C3-FE236FC5356C}.Release|Any CPU.ActiveCfg = Release|Any CPU
		{F950BD51-3E44-4083-81C3-FE236FC5356C}.Release|Any CPU.Build.0 = Release|Any CPU
		{1783AA22-2063-4ECB-BC71-BDD16530C07A}.Debug|Any CPU.ActiveCfg = Debug|Any CPU
		{1783AA22-2063-4ECB-BC71-BDD16530C07A}.Debug|Any CPU.Build.0 = Debug|Any CPU
		{1783AA22-2063-4ECB-BC71-BDD16530C07A}.Release|Any CPU.ActiveCfg = Release|Any CPU
		{1783AA22-2063-4ECB-BC71-BDD16530C07A}.Release|Any CPU.Build.0 = Release|Any CPU
		{0B7F1ABF-7752-4087-A411-A3AA8BA0887A}.Debug|Any CPU.ActiveCfg = Debug|Any CPU
		{0B7F1ABF-7752-4087-A411-A3AA8BA0887A}.Debug|Any CPU.Build.0 = Debug|Any CPU
		{0B7F1ABF-7752-4087-A411-A3AA8BA0887A}.Release|Any CPU.ActiveCfg = Release|Any CPU
		{0B7F1ABF-7752-4087-A411-A3AA8BA0887A}.Release|Any CPU.Build.0 = Release|Any CPU
		{62ACD11C-1652-4B77-A1B0-5986C3F2640A}.Debug|Any CPU.ActiveCfg = Debug|Any CPU
		{62ACD11C-1652-4B77-A1B0-5986C3F2640A}.Debug|Any CPU.Build.0 = Debug|Any CPU
		{62ACD11C-1652-4B77-A1B0-5986C3F2640A}.Release|Any CPU.ActiveCfg = Release|Any CPU
		{62ACD11C-1652-4B77-A1B0-5986C3F2640A}.Release|Any CPU.Build.0 = Release|Any CPU
		{951E859E-4158-443F-8516-644D55330D42}.Debug|Any CPU.ActiveCfg = Debug|Any CPU
		{951E859E-4158-443F-8516-644D55330D42}.Debug|Any CPU.Build.0 = Debug|Any CPU
		{951E859E-4158-443F-8516-644D55330D42}.Release|Any CPU.ActiveCfg = Release|Any CPU
		{951E859E-4158-443F-8516-644D55330D42}.Release|Any CPU.Build.0 = Release|Any CPU
		{AE02F26E-3F36-4BCB-AE53-BF534527A89B}.Debug|Any CPU.ActiveCfg = Debug|Any CPU
		{AE02F26E-3F36-4BCB-AE53-BF534527A89B}.Debug|Any CPU.Build.0 = Debug|Any CPU
		{AE02F26E-3F36-4BCB-AE53-BF534527A89B}.Release|Any CPU.ActiveCfg = Release|Any CPU
		{AE02F26E-3F36-4BCB-AE53-BF534527A89B}.Release|Any CPU.Build.0 = Release|Any CPU
		{AD30256C-CED6-4A17-A03A-9F5D0E2F6F9E}.Debug|Any CPU.ActiveCfg = Debug|Any CPU
		{AD30256C-CED6-4A17-A03A-9F5D0E2F6F9E}.Debug|Any CPU.Build.0 = Debug|Any CPU
		{AD30256C-CED6-4A17-A03A-9F5D0E2F6F9E}.Release|Any CPU.ActiveCfg = Release|Any CPU
		{AD30256C-CED6-4A17-A03A-9F5D0E2F6F9E}.Release|Any CPU.Build.0 = Release|Any CPU
		{B7195EC2-C277-4B9C-83AA-2EFCE6CB4E58}.Debug|Any CPU.ActiveCfg = Debug|Any CPU
		{B7195EC2-C277-4B9C-83AA-2EFCE6CB4E58}.Debug|Any CPU.Build.0 = Debug|Any CPU
		{B7195EC2-C277-4B9C-83AA-2EFCE6CB4E58}.Release|Any CPU.ActiveCfg = Release|Any CPU
		{B7195EC2-C277-4B9C-83AA-2EFCE6CB4E58}.Release|Any CPU.Build.0 = Release|Any CPU
		{F3DF420A-722E-4459-AADE-275F673AD250}.Debug|Any CPU.ActiveCfg = Debug|Any CPU
		{F3DF420A-722E-4459-AADE-275F673AD250}.Debug|Any CPU.Build.0 = Debug|Any CPU
		{F3DF420A-722E-4459-AADE-275F673AD250}.Release|Any CPU.ActiveCfg = Release|Any CPU
		{F3DF420A-722E-4459-AADE-275F673AD250}.Release|Any CPU.Build.0 = Release|Any CPU
		{03DF9969-9953-4A8E-8F55-96794ABB77FB}.Debug|Any CPU.ActiveCfg = Debug|Any CPU
		{03DF9969-9953-4A8E-8F55-96794ABB77FB}.Debug|Any CPU.Build.0 = Debug|Any CPU
		{03DF9969-9953-4A8E-8F55-96794ABB77FB}.Release|Any CPU.ActiveCfg = Release|Any CPU
		{03DF9969-9953-4A8E-8F55-96794ABB77FB}.Release|Any CPU.Build.0 = Release|Any CPU
		{D9EFB24E-7B97-4BB2-AD3A-789D079FB374}.Debug|Any CPU.ActiveCfg = Debug|Any CPU
		{D9EFB24E-7B97-4BB2-AD3A-789D079FB374}.Debug|Any CPU.Build.0 = Debug|Any CPU
		{D9EFB24E-7B97-4BB2-AD3A-789D079FB374}.Release|Any CPU.ActiveCfg = Release|Any CPU
		{D9EFB24E-7B97-4BB2-AD3A-789D079FB374}.Release|Any CPU.Build.0 = Release|Any CPU
		{3B2815A2-2187-4C5D-A19E-2D20553C7E1E}.Debug|Any CPU.ActiveCfg = Debug|Any CPU
		{3B2815A2-2187-4C5D-A19E-2D20553C7E1E}.Debug|Any CPU.Build.0 = Debug|Any CPU
		{3B2815A2-2187-4C5D-A19E-2D20553C7E1E}.Release|Any CPU.ActiveCfg = Release|Any CPU
		{3B2815A2-2187-4C5D-A19E-2D20553C7E1E}.Release|Any CPU.Build.0 = Release|Any CPU
		{EA0CB801-B05A-4170-8EBE-053DFF69C61A}.Debug|Any CPU.ActiveCfg = Debug|Any CPU
		{EA0CB801-B05A-4170-8EBE-053DFF69C61A}.Debug|Any CPU.Build.0 = Debug|Any CPU
		{EA0CB801-B05A-4170-8EBE-053DFF69C61A}.Release|Any CPU.ActiveCfg = Release|Any CPU
		{EA0CB801-B05A-4170-8EBE-053DFF69C61A}.Release|Any CPU.Build.0 = Release|Any CPU
		{9AF1E13C-06E9-4B7B-AAA7-CCB2A76CE518}.Debug|Any CPU.ActiveCfg = Debug|Any CPU
		{9AF1E13C-06E9-4B7B-AAA7-CCB2A76CE518}.Debug|Any CPU.Build.0 = Debug|Any CPU
		{9AF1E13C-06E9-4B7B-AAA7-CCB2A76CE518}.Release|Any CPU.ActiveCfg = Release|Any CPU
		{9AF1E13C-06E9-4B7B-AAA7-CCB2A76CE518}.Release|Any CPU.Build.0 = Release|Any CPU
		{742CAC03-BF0B-4DA3-83DA-DCEBF75B20F8}.Debug|Any CPU.ActiveCfg = Debug|Any CPU
		{742CAC03-BF0B-4DA3-83DA-DCEBF75B20F8}.Debug|Any CPU.Build.0 = Debug|Any CPU
		{742CAC03-BF0B-4DA3-83DA-DCEBF75B20F8}.Release|Any CPU.ActiveCfg = Release|Any CPU
		{742CAC03-BF0B-4DA3-83DA-DCEBF75B20F8}.Release|Any CPU.Build.0 = Release|Any CPU
		{7BC843EC-AA32-47A3-A4ED-D891431EF0BE}.Debug|Any CPU.ActiveCfg = Debug|Any CPU
		{7BC843EC-AA32-47A3-A4ED-D891431EF0BE}.Debug|Any CPU.Build.0 = Debug|Any CPU
		{7BC843EC-AA32-47A3-A4ED-D891431EF0BE}.Release|Any CPU.ActiveCfg = Release|Any CPU
		{7BC843EC-AA32-47A3-A4ED-D891431EF0BE}.Release|Any CPU.Build.0 = Release|Any CPU
		{1DF6126F-E455-4991-B31F-109EB287099C}.Debug|Any CPU.ActiveCfg = Debug|Any CPU
		{1DF6126F-E455-4991-B31F-109EB287099C}.Debug|Any CPU.Build.0 = Debug|Any CPU
		{1DF6126F-E455-4991-B31F-109EB287099C}.Release|Any CPU.ActiveCfg = Release|Any CPU
		{1DF6126F-E455-4991-B31F-109EB287099C}.Release|Any CPU.Build.0 = Release|Any CPU
		{5FE7EE8E-ACAF-48A8-AB6C-BFDB5DE27DD2}.Debug|Any CPU.ActiveCfg = Debug|Any CPU
		{5FE7EE8E-ACAF-48A8-AB6C-BFDB5DE27DD2}.Debug|Any CPU.Build.0 = Debug|Any CPU
		{5FE7EE8E-ACAF-48A8-AB6C-BFDB5DE27DD2}.Release|Any CPU.ActiveCfg = Release|Any CPU
		{5FE7EE8E-ACAF-48A8-AB6C-BFDB5DE27DD2}.Release|Any CPU.Build.0 = Release|Any CPU
		{2534048D-C999-466A-BAA2-1050BDA1B554}.Debug|Any CPU.ActiveCfg = Debug|Any CPU
		{2534048D-C999-466A-BAA2-1050BDA1B554}.Debug|Any CPU.Build.0 = Debug|Any CPU
		{2534048D-C999-466A-BAA2-1050BDA1B554}.Release|Any CPU.ActiveCfg = Release|Any CPU
		{2534048D-C999-466A-BAA2-1050BDA1B554}.Release|Any CPU.Build.0 = Release|Any CPU
		{3B169966-40E4-4F10-B9E4-AC6455D5ED1E}.Debug|Any CPU.ActiveCfg = Debug|Any CPU
		{3B169966-40E4-4F10-B9E4-AC6455D5ED1E}.Debug|Any CPU.Build.0 = Debug|Any CPU
		{3B169966-40E4-4F10-B9E4-AC6455D5ED1E}.Release|Any CPU.ActiveCfg = Release|Any CPU
		{3B169966-40E4-4F10-B9E4-AC6455D5ED1E}.Release|Any CPU.Build.0 = Release|Any CPU
	EndGlobalSection
	GlobalSection(SolutionProperties) = preSolution
		HideSolutionNode = FALSE
	EndGlobalSection
	GlobalSection(NestedProjects) = preSolution
		{8DB0969B-726E-4A5E-9AB0-75C389308732} = {21196BB4-F473-4CBB-9356-BF2CC0375636}
		{03C41206-598D-4714-A505-9ADE321E0D90} = {21196BB4-F473-4CBB-9356-BF2CC0375636}
		{7525AC3F-6F06-4388-AF31-1153C9599E2A} = {21196BB4-F473-4CBB-9356-BF2CC0375636}
		{5881CCB7-79B3-453C-961A-A9CCC64CA0B5} = {21196BB4-F473-4CBB-9356-BF2CC0375636}
		{2F0BB2BD-1592-417B-8E33-8C076A00410C} = {21196BB4-F473-4CBB-9356-BF2CC0375636}
		{F950BD51-3E44-4083-81C3-FE236FC5356C} = {21196BB4-F473-4CBB-9356-BF2CC0375636}
		{1783AA22-2063-4ECB-BC71-BDD16530C07A} = {21196BB4-F473-4CBB-9356-BF2CC0375636}
		{653C05C6-0507-4235-B0BA-CCB164A21F0E} = {21196BB4-F473-4CBB-9356-BF2CC0375636}
		{0B7F1ABF-7752-4087-A411-A3AA8BA0887A} = {21196BB4-F473-4CBB-9356-BF2CC0375636}
		{62ACD11C-1652-4B77-A1B0-5986C3F2640A} = {21196BB4-F473-4CBB-9356-BF2CC0375636}
		{951E859E-4158-443F-8516-644D55330D42} = {21196BB4-F473-4CBB-9356-BF2CC0375636}
		{AE02F26E-3F36-4BCB-AE53-BF534527A89B} = {21196BB4-F473-4CBB-9356-BF2CC0375636}
		{AD30256C-CED6-4A17-A03A-9F5D0E2F6F9E} = {C11C3504-64B5-46FE-8AC4-8204FAFB094C}
		{B7195EC2-C277-4B9C-83AA-2EFCE6CB4E58} = {C11C3504-64B5-46FE-8AC4-8204FAFB094C}
		{F3DF420A-722E-4459-AADE-275F673AD250} = {C11C3504-64B5-46FE-8AC4-8204FAFB094C}
		{03DF9969-9953-4A8E-8F55-96794ABB77FB} = {C11C3504-64B5-46FE-8AC4-8204FAFB094C}
		{D9EFB24E-7B97-4BB2-AD3A-789D079FB374} = {C11C3504-64B5-46FE-8AC4-8204FAFB094C}
		{3B2815A2-2187-4C5D-A19E-2D20553C7E1E} = {C11C3504-64B5-46FE-8AC4-8204FAFB094C}
		{EA0CB801-B05A-4170-8EBE-053DFF69C61A} = {C11C3504-64B5-46FE-8AC4-8204FAFB094C}
		{9AF1E13C-06E9-4B7B-AAA7-CCB2A76CE518} = {C11C3504-64B5-46FE-8AC4-8204FAFB094C}
		{742CAC03-BF0B-4DA3-83DA-DCEBF75B20F8} = {C11C3504-64B5-46FE-8AC4-8204FAFB094C}
		{7BC843EC-AA32-47A3-A4ED-D891431EF0BE} = {653C05C6-0507-4235-B0BA-CCB164A21F0E}
		{1DF6126F-E455-4991-B31F-109EB287099C} = {653C05C6-0507-4235-B0BA-CCB164A21F0E}
		{5FE7EE8E-ACAF-48A8-AB6C-BFDB5DE27DD2} = {21196BB4-F473-4CBB-9356-BF2CC0375636}
		{2534048D-C999-466A-BAA2-1050BDA1B554} = {C11C3504-64B5-46FE-8AC4-8204FAFB094C}
		{3B169966-40E4-4F10-B9E4-AC6455D5ED1E} = {C11C3504-64B5-46FE-8AC4-8204FAFB094C}
	EndGlobalSection
	GlobalSection(ExtensibilityGlobals) = postSolution
		SolutionGuid = {C53A7C6F-76AF-4F0F-95B5-BE403989F34F}
	EndGlobalSection
EndGlobal
