
Microsoft Visual Studio Solution File, Format Version 12.00
# Visual Studio Version 17
VisualStudioVersion = 17.5.33627.172
MinimumVisualStudioVersion = 10.0.40219.1
Project("{9A19103F-16F7-4668-BE54-9A1E7A4F7556}") = "通用订票.Application", "通用订票.Application\通用订票.Application.csproj", "{8DB0969B-726E-4A5E-9AB0-75C389308732}"
EndProject
Project("{9A19103F-16F7-4668-BE54-9A1E7A4F7556}") = "通用订票.Core", "通用订票.Core\通用订票.Core.csproj", "{03C41206-598D-4714-A505-9ADE321E0D90}"
EndProject
Project("{9A19103F-16F7-4668-BE54-9A1E7A4F7556}") = "通用订票.Database.Migrations", "通用订票.Database.Migrations\通用订票.Database.Migrations.csproj", "{7525AC3F-6F06-4388-AF31-1153C9599E2A}"
EndProject
Project("{9A19103F-16F7-4668-BE54-9A1E7A4F7556}") = "通用订票.EntityFramework.Core", "通用订票.EntityFramework.Core\通用订票.EntityFramework.Core.csproj", "{5881CCB7-79B3-453C-961A-A9CCC64CA0B5}"
EndProject
Project("{9A19103F-16F7-4668-BE54-9A1E7A4F7556}") = "通用订票.Web.Core", "通用订票.Web.Core\通用订票.Web.Core.csproj", "{2F0BB2BD-1592-417B-8E33-8C076A00410C}"
EndProject
Project("{9A19103F-16F7-4668-BE54-9A1E7A4F7556}") = "通用订票.Web.Entry", "通用订票.Web.Entry\通用订票.Web.Entry.csproj", "{F950BD51-3E44-4083-81C3-FE236FC5356C}"
EndProject
Project("{2150E333-8FDC-42A3-9474-1A3956D46DE8}") = "Core", "Core", "{C11C3504-64B5-46FE-8AC4-8204FAFB094C}"
EndProject
Project("{2150E333-8FDC-42A3-9474-1A3956D46DE8}") = "Solution Items", "Solution Items", "{2BA8A376-88D3-4ED1-92A9-6C75A51CDBAE}"
	ProjectSection(SolutionItems) = preProject
		.editorconfig = .editorconfig
	EndProjectSection
EndProject
Project("{9A19103F-16F7-4668-BE54-9A1E7A4F7556}") = "通用订票.RedisMQ", "通用订票.RedisMQ\通用订票.RedisMQ.csproj", "{1783AA22-2063-4ECB-BC71-BDD16530C07A}"
EndProject
Project("{2150E333-8FDC-42A3-9474-1A3956D46DE8}") = "通用订票", "通用订票", "{21196BB4-F473-4CBB-9356-BF2CC0375636}"
EndProject
Project("{9A19103F-16F7-4668-BE54-9A1E7A4F7556}") = "Core.EntityFrameWork", "Core.EntityFrameWork\Core.EntityFrameWork.csproj", "{0B20D4E6-0FA1-438F-9DEC-6A9A0B704ED4}"
EndProject
Project("{9A19103F-16F7-4668-BE54-9A1E7A4F7556}") = "Core.Services", "Core.Service\Core.Services.csproj", "{BF735527-4E1B-4CEF-B527-BC1E0C1F6D15}"
EndProject
Project("{9A19103F-16F7-4668-BE54-9A1E7A4F7556}") = "Core.User", "Core.User\Core.User.csproj", "{E84AAEE1-D176-4309-8DAD-3AAA97FAC962}"
EndProject
Project("{9A19103F-16F7-4668-BE54-9A1E7A4F7556}") = "通用订票.沙沟古镇", "通用订票.沙沟古镇\通用订票.沙沟古镇.csproj", "{78077499-EBCE-4BB0-99DD-7166C845788E}"
EndProject
Project("{2150E333-8FDC-42A3-9474-1A3956D46DE8}") = "项目", "项目", "{653C05C6-0507-4235-B0BA-CCB164A21F0E}"
EndProject
Project("{9A19103F-16F7-4668-BE54-9A1E7A4F7556}") = "通用订票.马家荡", "通用订票.马家荡\通用订票.马家荡.csproj", "{534B164B-5646-48A3-B378-41FC1FF20EE3}"
EndProject
Project("{9A19103F-16F7-4668-BE54-9A1E7A4F7556}") = "Core.SignalR", "Core.SignalR\Core.SignalR.csproj", "{7D080061-64A5-48C5-B524-F7B73286F33F}"
EndProject
Project("{9A19103F-16F7-4668-BE54-9A1E7A4F7556}") = "Core.Queue", "Core.Queue\Core.Queue.csproj", "{38F31309-A9A8-4704-9E1F-886A987B81DC}"
EndProject
Project("{9A19103F-16F7-4668-BE54-9A1E7A4F7556}") = "Core.Entity", "Core.Entity\Core.Entity.csproj", "{24404DB6-77B3-44BA-BA32-A2D1B385C735}"
EndProject
Project("{9A19103F-16F7-4668-BE54-9A1E7A4F7556}") = "Core.Auth", "Core.Auth\Core.Auth.csproj", "{0FACD216-5A77-4206-9785-A9945CA98C82}"
EndProject
Project("{9A19103F-16F7-4668-BE54-9A1E7A4F7556}") = "通用订票.Task", "通用订票.Task\通用订票.Task.csproj", "{0B7F1ABF-7752-4087-A411-A3AA8BA0887A}"
EndProject
Project("{9A19103F-16F7-4668-BE54-9A1E7A4F7556}") = "通用订票.Base", "通用订票.Base\通用订票.Base.csproj", "{62ACD11C-1652-4B77-A1B0-5986C3F2640A}"
EndProject
Project("{9A19103F-16F7-4668-BE54-9A1E7A4F7556}") = "Core.Cache", "Core.Cache\Core.Cache.csproj", "{A7D235B3-F787-4852-99F1-95BC203F132D}"
EndProject
Project("{9A19103F-16F7-4668-BE54-9A1E7A4F7556}") = "Core.MiddelWares", "Core.MiddelWares\Core.MiddelWares.csproj", "{52E7A224-1408-43F8-A16E-7D019707BDA3}"
EndProject
Project("{9A19103F-16F7-4668-BE54-9A1E7A4F7556}") = "通用订票.Procedure", "通用订票.Procedure\通用订票.Procedure.csproj", "{951E859E-4158-443F-8516-644D55330D42}"
EndProject
Project("{9A19103F-16F7-4668-BE54-9A1E7A4F7556}") = "通用订票.EventBus", "通用订票.EventBus\通用订票.EventBus.csproj", "{AE02F26E-3F36-4BCB-AE53-BF534527A89B}"
EndProject
Global
	GlobalSection(SolutionConfigurationPlatforms) = preSolution
		Debug|Any CPU = Debug|Any CPU
		Release|Any CPU = Release|Any CPU
	EndGlobalSection
	GlobalSection(ProjectConfigurationPlatforms) = postSolution
		{8DB0969B-726E-4A5E-9AB0-75C389308732}.Debug|Any CPU.ActiveCfg = Debug|Any CPU
		{8DB0969B-726E-4A5E-9AB0-75C389308732}.Debug|Any CPU.Build.0 = Debug|Any CPU
		{8DB0969B-726E-4A5E-9AB0-75C389308732}.Release|Any CPU.ActiveCfg = Release|Any CPU
		{8DB0969B-726E-4A5E-9AB0-75C389308732}.Release|Any CPU.Build.0 = Release|Any CPU
		{03C41206-598D-4714-A505-9ADE321E0D90}.Debug|Any CPU.ActiveCfg = Debug|Any CPU
		{03C41206-598D-4714-A505-9ADE321E0D90}.Debug|Any CPU.Build.0 = Debug|Any CPU
		{03C41206-598D-4714-A505-9ADE321E0D90}.Release|Any CPU.ActiveCfg = Release|Any CPU
		{03C41206-598D-4714-A505-9ADE321E0D90}.Release|Any CPU.Build.0 = Release|Any CPU
		{7525AC3F-6F06-4388-AF31-1153C9599E2A}.Debug|Any CPU.ActiveCfg = Debug|Any CPU
		{7525AC3F-6F06-4388-AF31-1153C9599E2A}.Debug|Any CPU.Build.0 = Debug|Any CPU
		{7525AC3F-6F06-4388-AF31-1153C9599E2A}.Release|Any CPU.ActiveCfg = Release|Any CPU
		{7525AC3F-6F06-4388-AF31-1153C9599E2A}.Release|Any CPU.Build.0 = Release|Any CPU
		{5881CCB7-79B3-453C-961A-A9CCC64CA0B5}.Debug|Any CPU.ActiveCfg = Debug|Any CPU
		{5881CCB7-79B3-453C-961A-A9CCC64CA0B5}.Debug|Any CPU.Build.0 = Debug|Any CPU
		{5881CCB7-79B3-453C-961A-A9CCC64CA0B5}.Release|Any CPU.ActiveCfg = Release|Any CPU
		{5881CCB7-79B3-453C-961A-A9CCC64CA0B5}.Release|Any CPU.Build.0 = Release|Any CPU
		{2F0BB2BD-1592-417B-8E33-8C076A00410C}.Debug|Any CPU.ActiveCfg = Debug|Any CPU
		{2F0BB2BD-1592-417B-8E33-8C076A00410C}.Debug|Any CPU.Build.0 = Debug|Any CPU
		{2F0BB2BD-1592-417B-8E33-8C076A00410C}.Release|Any CPU.ActiveCfg = Release|Any CPU
		{2F0BB2BD-1592-417B-8E33-8C076A00410C}.Release|Any CPU.Build.0 = Release|Any CPU
		{F950BD51-3E44-4083-81C3-FE236FC5356C}.Debug|Any CPU.ActiveCfg = Debug|Any CPU
		{F950BD51-3E44-4083-81C3-FE236FC5356C}.Debug|Any CPU.Build.0 = Debug|Any CPU
		{F950BD51-3E44-4083-81C3-FE236FC5356C}.Release|Any CPU.ActiveCfg = Release|Any CPU
		{F950BD51-3E44-4083-81C3-FE236FC5356C}.Release|Any CPU.Build.0 = Release|Any CPU
		{1783AA22-2063-4ECB-BC71-BDD16530C07A}.Debug|Any CPU.ActiveCfg = Debug|Any CPU
		{1783AA22-2063-4ECB-BC71-BDD16530C07A}.Debug|Any CPU.Build.0 = Debug|Any CPU
		{1783AA22-2063-4ECB-BC71-BDD16530C07A}.Release|Any CPU.ActiveCfg = Release|Any CPU
		{1783AA22-2063-4ECB-BC71-BDD16530C07A}.Release|Any CPU.Build.0 = Release|Any CPU
		{0B20D4E6-0FA1-438F-9DEC-6A9A0B704ED4}.Debug|Any CPU.ActiveCfg = Debug|Any CPU
		{0B20D4E6-0FA1-438F-9DEC-6A9A0B704ED4}.Debug|Any CPU.Build.0 = Debug|Any CPU
		{0B20D4E6-0FA1-438F-9DEC-6A9A0B704ED4}.Release|Any CPU.ActiveCfg = Release|Any CPU
		{0B20D4E6-0FA1-438F-9DEC-6A9A0B704ED4}.Release|Any CPU.Build.0 = Release|Any CPU
		{BF735527-4E1B-4CEF-B527-BC1E0C1F6D15}.Debug|Any CPU.ActiveCfg = Debug|Any CPU
		{BF735527-4E1B-4CEF-B527-BC1E0C1F6D15}.Debug|Any CPU.Build.0 = Debug|Any CPU
		{BF735527-4E1B-4CEF-B527-BC1E0C1F6D15}.Release|Any CPU.ActiveCfg = Release|Any CPU
		{BF735527-4E1B-4CEF-B527-BC1E0C1F6D15}.Release|Any CPU.Build.0 = Release|Any CPU
		{E84AAEE1-D176-4309-8DAD-3AAA97FAC962}.Debug|Any CPU.ActiveCfg = Debug|Any CPU
		{E84AAEE1-D176-4309-8DAD-3AAA97FAC962}.Debug|Any CPU.Build.0 = Debug|Any CPU
		{E84AAEE1-D176-4309-8DAD-3AAA97FAC962}.Release|Any CPU.ActiveCfg = Release|Any CPU
		{E84AAEE1-D176-4309-8DAD-3AAA97FAC962}.Release|Any CPU.Build.0 = Release|Any CPU
		{78077499-EBCE-4BB0-99DD-7166C845788E}.Debug|Any CPU.ActiveCfg = Debug|Any CPU
		{78077499-EBCE-4BB0-99DD-7166C845788E}.Debug|Any CPU.Build.0 = Debug|Any CPU
		{78077499-EBCE-4BB0-99DD-7166C845788E}.Release|Any CPU.ActiveCfg = Release|Any CPU
		{78077499-EBCE-4BB0-99DD-7166C845788E}.Release|Any CPU.Build.0 = Release|Any CPU
		{534B164B-5646-48A3-B378-41FC1FF20EE3}.Debug|Any CPU.ActiveCfg = Debug|Any CPU
		{534B164B-5646-48A3-B378-41FC1FF20EE3}.Debug|Any CPU.Build.0 = Debug|Any CPU
		{534B164B-5646-48A3-B378-41FC1FF20EE3}.Release|Any CPU.ActiveCfg = Release|Any CPU
		{534B164B-5646-48A3-B378-41FC1FF20EE3}.Release|Any CPU.Build.0 = Release|Any CPU
		{7D080061-64A5-48C5-B524-F7B73286F33F}.Debug|Any CPU.ActiveCfg = Debug|Any CPU
		{7D080061-64A5-48C5-B524-F7B73286F33F}.Debug|Any CPU.Build.0 = Debug|Any CPU
		{7D080061-64A5-48C5-B524-F7B73286F33F}.Release|Any CPU.ActiveCfg = Release|Any CPU
		{7D080061-64A5-48C5-B524-F7B73286F33F}.Release|Any CPU.Build.0 = Release|Any CPU
		{38F31309-A9A8-4704-9E1F-886A987B81DC}.Debug|Any CPU.ActiveCfg = Debug|Any CPU
		{38F31309-A9A8-4704-9E1F-886A987B81DC}.Debug|Any CPU.Build.0 = Debug|Any CPU
		{38F31309-A9A8-4704-9E1F-886A987B81DC}.Release|Any CPU.ActiveCfg = Release|Any CPU
		{38F31309-A9A8-4704-9E1F-886A987B81DC}.Release|Any CPU.Build.0 = Release|Any CPU
		{24404DB6-77B3-44BA-BA32-A2D1B385C735}.Debug|Any CPU.ActiveCfg = Debug|Any CPU
		{24404DB6-77B3-44BA-BA32-A2D1B385C735}.Debug|Any CPU.Build.0 = Debug|Any CPU
		{24404DB6-77B3-44BA-BA32-A2D1B385C735}.Release|Any CPU.ActiveCfg = Release|Any CPU
		{24404DB6-77B3-44BA-BA32-A2D1B385C735}.Release|Any CPU.Build.0 = Release|Any CPU
		{0FACD216-5A77-4206-9785-A9945CA98C82}.Debug|Any CPU.ActiveCfg = Debug|Any CPU
		{0FACD216-5A77-4206-9785-A9945CA98C82}.Debug|Any CPU.Build.0 = Debug|Any CPU
		{0FACD216-5A77-4206-9785-A9945CA98C82}.Release|Any CPU.ActiveCfg = Release|Any CPU
		{0FACD216-5A77-4206-9785-A9945CA98C82}.Release|Any CPU.Build.0 = Release|Any CPU
		{0B7F1ABF-7752-4087-A411-A3AA8BA0887A}.Debug|Any CPU.ActiveCfg = Debug|Any CPU
		{0B7F1ABF-7752-4087-A411-A3AA8BA0887A}.Debug|Any CPU.Build.0 = Debug|Any CPU
		{0B7F1ABF-7752-4087-A411-A3AA8BA0887A}.Release|Any CPU.ActiveCfg = Release|Any CPU
		{0B7F1ABF-7752-4087-A411-A3AA8BA0887A}.Release|Any CPU.Build.0 = Release|Any CPU
		{62ACD11C-1652-4B77-A1B0-5986C3F2640A}.Debug|Any CPU.ActiveCfg = Debug|Any CPU
		{62ACD11C-1652-4B77-A1B0-5986C3F2640A}.Debug|Any CPU.Build.0 = Debug|Any CPU
		{62ACD11C-1652-4B77-A1B0-5986C3F2640A}.Release|Any CPU.ActiveCfg = Release|Any CPU
		{62ACD11C-1652-4B77-A1B0-5986C3F2640A}.Release|Any CPU.Build.0 = Release|Any CPU
		{A7D235B3-F787-4852-99F1-95BC203F132D}.Debug|Any CPU.ActiveCfg = Debug|Any CPU
		{A7D235B3-F787-4852-99F1-95BC203F132D}.Debug|Any CPU.Build.0 = Debug|Any CPU
		{A7D235B3-F787-4852-99F1-95BC203F132D}.Release|Any CPU.ActiveCfg = Release|Any CPU
		{A7D235B3-F787-4852-99F1-95BC203F132D}.Release|Any CPU.Build.0 = Release|Any CPU
		{52E7A224-1408-43F8-A16E-7D019707BDA3}.Debug|Any CPU.ActiveCfg = Debug|Any CPU
		{52E7A224-1408-43F8-A16E-7D019707BDA3}.Debug|Any CPU.Build.0 = Debug|Any CPU
		{52E7A224-1408-43F8-A16E-7D019707BDA3}.Release|Any CPU.ActiveCfg = Release|Any CPU
		{52E7A224-1408-43F8-A16E-7D019707BDA3}.Release|Any CPU.Build.0 = Release|Any CPU
		{951E859E-4158-443F-8516-644D55330D42}.Debug|Any CPU.ActiveCfg = Debug|Any CPU
		{951E859E-4158-443F-8516-644D55330D42}.Debug|Any CPU.Build.0 = Debug|Any CPU
		{951E859E-4158-443F-8516-644D55330D42}.Release|Any CPU.ActiveCfg = Release|Any CPU
		{951E859E-4158-443F-8516-644D55330D42}.Release|Any CPU.Build.0 = Release|Any CPU
		{AE02F26E-3F36-4BCB-AE53-BF534527A89B}.Debug|Any CPU.ActiveCfg = Debug|Any CPU
		{AE02F26E-3F36-4BCB-AE53-BF534527A89B}.Debug|Any CPU.Build.0 = Debug|Any CPU
		{AE02F26E-3F36-4BCB-AE53-BF534527A89B}.Release|Any CPU.ActiveCfg = Release|Any CPU
		{AE02F26E-3F36-4BCB-AE53-BF534527A89B}.Release|Any CPU.Build.0 = Release|Any CPU
	EndGlobalSection
	GlobalSection(SolutionProperties) = preSolution
		HideSolutionNode = FALSE
	EndGlobalSection
	GlobalSection(NestedProjects) = preSolution
		{8DB0969B-726E-4A5E-9AB0-75C389308732} = {21196BB4-F473-4CBB-9356-BF2CC0375636}
		{03C41206-598D-4714-A505-9ADE321E0D90} = {21196BB4-F473-4CBB-9356-BF2CC0375636}
		{7525AC3F-6F06-4388-AF31-1153C9599E2A} = {21196BB4-F473-4CBB-9356-BF2CC0375636}
		{5881CCB7-79B3-453C-961A-A9CCC64CA0B5} = {21196BB4-F473-4CBB-9356-BF2CC0375636}
		{2F0BB2BD-1592-417B-8E33-8C076A00410C} = {21196BB4-F473-4CBB-9356-BF2CC0375636}
		{F950BD51-3E44-4083-81C3-FE236FC5356C} = {21196BB4-F473-4CBB-9356-BF2CC0375636}
		{1783AA22-2063-4ECB-BC71-BDD16530C07A} = {21196BB4-F473-4CBB-9356-BF2CC0375636}
		{0B20D4E6-0FA1-438F-9DEC-6A9A0B704ED4} = {C11C3504-64B5-46FE-8AC4-8204FAFB094C}
		{BF735527-4E1B-4CEF-B527-BC1E0C1F6D15} = {C11C3504-64B5-46FE-8AC4-8204FAFB094C}
		{E84AAEE1-D176-4309-8DAD-3AAA97FAC962} = {C11C3504-64B5-46FE-8AC4-8204FAFB094C}
		{78077499-EBCE-4BB0-99DD-7166C845788E} = {653C05C6-0507-4235-B0BA-CCB164A21F0E}
		{653C05C6-0507-4235-B0BA-CCB164A21F0E} = {21196BB4-F473-4CBB-9356-BF2CC0375636}
		{534B164B-5646-48A3-B378-41FC1FF20EE3} = {653C05C6-0507-4235-B0BA-CCB164A21F0E}
		{7D080061-64A5-48C5-B524-F7B73286F33F} = {C11C3504-64B5-46FE-8AC4-8204FAFB094C}
		{38F31309-A9A8-4704-9E1F-886A987B81DC} = {C11C3504-64B5-46FE-8AC4-8204FAFB094C}
		{24404DB6-77B3-44BA-BA32-A2D1B385C735} = {C11C3504-64B5-46FE-8AC4-8204FAFB094C}
		{0FACD216-5A77-4206-9785-A9945CA98C82} = {C11C3504-64B5-46FE-8AC4-8204FAFB094C}
		{0B7F1ABF-7752-4087-A411-A3AA8BA0887A} = {21196BB4-F473-4CBB-9356-BF2CC0375636}
		{62ACD11C-1652-4B77-A1B0-5986C3F2640A} = {21196BB4-F473-4CBB-9356-BF2CC0375636}
		{A7D235B3-F787-4852-99F1-95BC203F132D} = {C11C3504-64B5-46FE-8AC4-8204FAFB094C}
		{52E7A224-1408-43F8-A16E-7D019707BDA3} = {C11C3504-64B5-46FE-8AC4-8204FAFB094C}
		{951E859E-4158-443F-8516-644D55330D42} = {21196BB4-F473-4CBB-9356-BF2CC0375636}
		{AE02F26E-3F36-4BCB-AE53-BF534527A89B} = {21196BB4-F473-4CBB-9356-BF2CC0375636}
	EndGlobalSection
	GlobalSection(ExtensibilityGlobals) = postSolution
		SolutionGuid = {C53A7C6F-76AF-4F0F-95B5-BE403989F34F}
	EndGlobalSection
EndGlobal
